// !$*UTF8*$!
{
	archiveVersion = 1;
	classes = {
	};
	objectVersion = 46;
	objects = {

/* Begin PBXBuildFile section */
		F42227B81A13522C00E8FAD5 /* 5.png in Resources */ = {isa = PBXBuildFile; fileRef = F42227B61A13522C00E8FAD5 /* 5.png */; };
		F42227B91A13522C00E8FAD5 /* 21.png in Resources */ = {isa = PBXBuildFile; fileRef = F42227B71A13522C00E8FAD5 /* 21.png */; };
		F42227E41A13523A00E8FAD5 /* 11111122222333333.rtf in Resources */ = {isa = PBXBuildFile; fileRef = F42227BA1A13523A00E8FAD5 /* 11111122222333333.rtf */; };
		F42227E51A13523A00E8FAD5 /* 222222233333334445566.rtf in Resources */ = {isa = PBXBuildFile; fileRef = F42227BB1A13523A00E8FAD5 /* 222222233333334445566.rtf */; };
		F42227F81A13523A00E8FAD5 /* 屏幕快照 2014-10-16 上午9.46.48.png in Resources */ = {isa = PBXBuildFile; fileRef = F42227DA1A13523A00E8FAD5 /* 屏幕快照 2014-10-16 上午9.46.48.png */; };
		F437130E1A1B4FC300DEFCCC /* 开源中国.rtf in Resources */ = {isa = PBXBuildFile; fileRef = F43713091A1B4FC200DEFCCC /* 开源中国.rtf */; };
		F437130F1A1B4FC300DEFCCC /* 屏幕快照 2014-11-17 下午1.49.04.png in Resources */ = {isa = PBXBuildFile; fileRef = F437130A1A1B4FC300DEFCCC /* 屏幕快照 2014-11-17 下午1.49.04.png */; };
		F43713101A1B4FC300DEFCCC /* 屏幕快照 2014-11-17 下午1.49.20.png in Resources */ = {isa = PBXBuildFile; fileRef = F437130B1A1B4FC300DEFCCC /* 屏幕快照 2014-11-17 下午1.49.20.png */; };
		F43713111A1B4FC300DEFCCC /* github免输入密码.rtf in Resources */ = {isa = PBXBuildFile; fileRef = F437130C1A1B4FC300DEFCCC /* github免输入密码.rtf */; };
		F43713121A1B4FC300DEFCCC /* ios本地消息通知的使用.rtf in Resources */ = {isa = PBXBuildFile; fileRef = F437130D1A1B4FC300DEFCCC /* ios本地消息通知的使用.rtf */; };
		F48FD14219F786DE0006B690 /* main.m in Sources */ = {isa = PBXBuildFile; fileRef = F48FD14119F786DE0006B690 /* main.m */; };
		F48FD14519F786DE0006B690 /* AppDelegate.m in Sources */ = {isa = PBXBuildFile; fileRef = F48FD14419F786DE0006B690 /* AppDelegate.m */; };
		F48FD14B19F786DE0006B690 /* Main.storyboard in Resources */ = {isa = PBXBuildFile; fileRef = F48FD14919F786DE0006B690 /* Main.storyboard */; };
		F48FD14D19F786DE0006B690 /* Images.xcassets in Resources */ = {isa = PBXBuildFile; fileRef = F48FD14C19F786DE0006B690 /* Images.xcassets */; };
		F48FD15019F786DE0006B690 /* LaunchScreen.xib in Resources */ = {isa = PBXBuildFile; fileRef = F48FD14E19F786DE0006B690 /* LaunchScreen.xib */; };
		F48FD19B19F7888A0006B690 /* AddressBook.framework in Frameworks */ = {isa = PBXBuildFile; fileRef = F48FD19919F7888A0006B690 /* AddressBook.framework */; };
		F48FD19C19F7888A0006B690 /* AddressBookUI.framework in Frameworks */ = {isa = PBXBuildFile; fileRef = F48FD19A19F7888A0006B690 /* AddressBookUI.framework */; };
		F48FD19E19F788990006B690 /* CoreGraphics.framework in Frameworks */ = {isa = PBXBuildFile; fileRef = F48FD19D19F788990006B690 /* CoreGraphics.framework */; };
		F48FD1A019F788A40006B690 /* Foundation.framework in Frameworks */ = {isa = PBXBuildFile; fileRef = F48FD19F19F788A40006B690 /* Foundation.framework */; };
		F48FD1A219F788AE0006B690 /* UIKit.framework in Frameworks */ = {isa = PBXBuildFile; fileRef = F48FD1A119F788AE0006B690 /* UIKit.framework */; };
		F48FD1A419F788C70006B690 /* libicucore.dylib in Frameworks */ = {isa = PBXBuildFile; fileRef = F48FD1A319F788C70006B690 /* libicucore.dylib */; };
		F48FD1D519F7A65D0006B690 /* common_button_2word_down.png in Resources */ = {isa = PBXBuildFile; fileRef = F48FD1C219F7A65D0006B690 /* common_button_2word_down.png */; };
		F48FD1D619F7A65D0006B690 /* common_button_2word_down@2x.png in Resources */ = {isa = PBXBuildFile; fileRef = F48FD1C319F7A65D0006B690 /* common_button_2word_down@2x.png */; };
		F48FD1D719F7A65D0006B690 /* common_button_2word_up.png in Resources */ = {isa = PBXBuildFile; fileRef = F48FD1C419F7A65D0006B690 /* common_button_2word_up.png */; };
		F48FD1D819F7A65D0006B690 /* common_button_2word_up@2x.png in Resources */ = {isa = PBXBuildFile; fileRef = F48FD1C519F7A65D0006B690 /* common_button_2word_up@2x.png */; };
		F48FD1D919F7A65D0006B690 /* common_button_back_down.png in Resources */ = {isa = PBXBuildFile; fileRef = F48FD1C619F7A65D0006B690 /* common_button_back_down.png */; };
		F48FD1DA19F7A65D0006B690 /* common_button_back_up.png in Resources */ = {isa = PBXBuildFile; fileRef = F48FD1C719F7A65D0006B690 /* common_button_back_up.png */; };
		F48FD1DB19F7A65D0006B690 /* common_titlebar.png in Resources */ = {isa = PBXBuildFile; fileRef = F48FD1C819F7A65D0006B690 /* common_titlebar.png */; };
		F48FD1DC19F7A65D0006B690 /* personalcenter_icon_search_background.png in Resources */ = {isa = PBXBuildFile; fileRef = F48FD1C919F7A65D0006B690 /* personalcenter_icon_search_background.png */; };
		F48FD1DE19F7A6BD0006B690 /* git命令总结.rtfd in Resources */ = {isa = PBXBuildFile; fileRef = F48FD1DD19F7A6BD0006B690 /* git命令总结.rtfd */; };
		F48FD1E319F7A8110006B690 /* 物业公司微信平台功能需求.docx in Resources */ = {isa = PBXBuildFile; fileRef = F48FD1DF19F7A8110006B690 /* 物业公司微信平台功能需求.docx */; };
		F4BC81D51A15A033002FC476 /* 屏幕快照 2014-11-13 下午5.33.36.png in Resources */ = {isa = PBXBuildFile; fileRef = F4BC81D31A15A033002FC476 /* 屏幕快照 2014-11-13 下午5.33.36.png */; };
		F4BC81D61A15A033002FC476 /* 屏幕快照 2014-11-13 下午5.36.31.png in Resources */ = {isa = PBXBuildFile; fileRef = F4BC81D41A15A033002FC476 /* 屏幕快照 2014-11-13 下午5.36.31.png */; };
		F4BC82051A15E4C9002FC476 /* AddressBook_Meet_ViewController.mm in Sources */ = {isa = PBXBuildFile; fileRef = F4BC81E21A15E4C9002FC476 /* AddressBook_Meet_ViewController.mm */; };
		F4BC82061A15E4C9002FC476 /* AddressBook_Meet_ViewController.xib in Resources */ = {isa = PBXBuildFile; fileRef = F4BC81E31A15E4C9002FC476 /* AddressBook_Meet_ViewController.xib */; };
		F4BC82071A15E4C9002FC476 /* AddressBookData.mm in Sources */ = {isa = PBXBuildFile; fileRef = F4BC81E61A15E4C9002FC476 /* AddressBookData.mm */; };
		F4BC82081A15E4C9002FC476 /* RegexKitLite.m in Sources */ = {isa = PBXBuildFile; fileRef = F4BC81E91A15E4C9002FC476 /* RegexKitLite.m */; };
		F4BC82091A15E4C9002FC476 /* pinyin.c in Sources */ = {isa = PBXBuildFile; fileRef = F4BC81EB1A15E4C9002FC476 /* pinyin.c */; };
		F4BC820A1A15E4C9002FC476 /* POAPinyin.m in Sources */ = {isa = PBXBuildFile; fileRef = F4BC81EE1A15E4C9002FC476 /* POAPinyin.m */; };
		F4BC820B1A15E4C9002FC476 /* MeetContactCell.mm in Sources */ = {isa = PBXBuildFile; fileRef = F4BC81F01A15E4C9002FC476 /* MeetContactCell.mm */; };
		F4BC820C1A15E4C9002FC476 /* MeetContactCell.xib in Resources */ = {isa = PBXBuildFile; fileRef = F4BC81F11A15E4C9002FC476 /* MeetContactCell.xib */; };
		F4BC820D1A15E4C9002FC476 /* ImagePickerViewController.m in Sources */ = {isa = PBXBuildFile; fileRef = F4BC81F51A15E4C9002FC476 /* ImagePickerViewController.m */; };
		F4BC820E1A15E4C9002FC476 /* JSONKit.m in Sources */ = {isa = PBXBuildFile; fileRef = F4BC81F81A15E4C9002FC476 /* JSONKit.m */; };
		F4BC820F1A15E4C9002FC476 /* MainViewControllor.m in Sources */ = {isa = PBXBuildFile; fileRef = F4BC81FA1A15E4C9002FC476 /* MainViewControllor.m */; };
		F4BC82101A15E4C9002FC476 /* MainViewControllor.xib in Resources */ = {isa = PBXBuildFile; fileRef = F4BC81FB1A15E4C9002FC476 /* MainViewControllor.xib */; };
		F4BC82111A15E4C9002FC476 /* NAmeview.m in Sources */ = {isa = PBXBuildFile; fileRef = F4BC81FE1A15E4C9002FC476 /* NAmeview.m */; };
		F4BC82121A15E4C9002FC476 /* NSString+MD5Addition.m in Sources */ = {isa = PBXBuildFile; fileRef = F4BC82021A15E4C9002FC476 /* NSString+MD5Addition.m */; };
		F4BC82131A15E4C9002FC476 /* UIDevice+IdentifierAddition.m in Sources */ = {isa = PBXBuildFile; fileRef = F4BC82041A15E4C9002FC476 /* UIDevice+IdentifierAddition.m */; };
		F4BC82161A15EFA2002FC476 /* CommonClass.m in Sources */ = {isa = PBXBuildFile; fileRef = F4BC82151A15EFA2002FC476 /* CommonClass.m */; };
		F4BC821D1A15EFE8002FC476 /* MBProgressHUD.m in Sources */ = {isa = PBXBuildFile; fileRef = F4BC821A1A15EFE8002FC476 /* MBProgressHUD.m */; };
		F4BC82251A15F048002FC476 /* Reachability.m in Sources */ = {isa = PBXBuildFile; fileRef = F4BC82221A15F048002FC476 /* Reachability.m */; };
		F4BC82291A15FA33002FC476 /* MCustomSwitch.m in Sources */ = {isa = PBXBuildFile; fileRef = F4BC82281A15FA33002FC476 /* MCustomSwitch.m */; };
		F4BC822C1A15FA65002FC476 /* MBResource.m in Sources */ = {isa = PBXBuildFile; fileRef = F4BC822B1A15FA65002FC476 /* MBResource.m */; };
		F4BC822F1A15FA97002FC476 /* MCustomSelection.m in Sources */ = {isa = PBXBuildFile; fileRef = F4BC822E1A15FA97002FC476 /* MCustomSelection.m */; };
		F4BC82321A15FAC6002FC476 /* IconButton.m in Sources */ = {isa = PBXBuildFile; fileRef = F4BC82311A15FAC5002FC476 /* IconButton.m */; };
		F4BC82351A15FB05002FC476 /* CustomAlertView.m in Sources */ = {isa = PBXBuildFile; fileRef = F4BC82341A15FB05002FC476 /* CustomAlertView.m */; };
		F4BC82381A15FB33002FC476 /* CustomToolBar.m in Sources */ = {isa = PBXBuildFile; fileRef = F4BC82371A15FB33002FC476 /* CustomToolBar.m */; };
		F4BC823B1A15FB92002FC476 /* LocalNotificationCenter.m in Sources */ = {isa = PBXBuildFile; fileRef = F4BC823A1A15FB92002FC476 /* LocalNotificationCenter.m */; };
		F4BC82471A160163002FC476 /* light_ico.png in Resources */ = {isa = PBXBuildFile; fileRef = F4BC823D1A160163002FC476 /* light_ico.png */; };
		F4BC82481A160163002FC476 /* light_ico@2x.png in Resources */ = {isa = PBXBuildFile; fileRef = F4BC823E1A160163002FC476 /* light_ico@2x.png */; };
		F4BC82491A160163002FC476 /* light_ico_n.png in Resources */ = {isa = PBXBuildFile; fileRef = F4BC823F1A160163002FC476 /* light_ico_n.png */; };
		F4BC824A1A160163002FC476 /* light_ico_n@2x.png in Resources */ = {isa = PBXBuildFile; fileRef = F4BC82401A160163002FC476 /* light_ico_n@2x.png */; };
		F4BC824B1A160163002FC476 /* off_ico.png in Resources */ = {isa = PBXBuildFile; fileRef = F4BC82411A160163002FC476 /* off_ico.png */; };
		F4BC824C1A160163002FC476 /* off_ico@2x.png in Resources */ = {isa = PBXBuildFile; fileRef = F4BC82421A160163002FC476 /* off_ico@2x.png */; };
		F4BC824D1A160163002FC476 /* on_bg.png in Resources */ = {isa = PBXBuildFile; fileRef = F4BC82431A160163002FC476 /* on_bg.png */; };
		F4BC824E1A160163002FC476 /* on_bg@2x.png in Resources */ = {isa = PBXBuildFile; fileRef = F4BC82441A160163002FC476 /* on_bg@2x.png */; };
		F4BC824F1A160163002FC476 /* on_ico.png in Resources */ = {isa = PBXBuildFile; fileRef = F4BC82451A160163002FC476 /* on_ico.png */; };
		F4BC82501A160163002FC476 /* on_ico@2x.png in Resources */ = {isa = PBXBuildFile; fileRef = F4BC82461A160163002FC476 /* on_ico@2x.png */; };
		F4F40C9B1A19948800D2485D /* accessoryDisclosureIndicator.png in Resources */ = {isa = PBXBuildFile; fileRef = F4F40C981A19948800D2485D /* accessoryDisclosureIndicator.png */; };
		F4F40C9C1A19948800D2485D /* accessoryIndicator.png in Resources */ = {isa = PBXBuildFile; fileRef = F4F40C991A19948800D2485D /* accessoryIndicator.png */; };
		F4F40C9D1A19948800D2485D /* accessoryIndicator@2x.png in Resources */ = {isa = PBXBuildFile; fileRef = F4F40C9A1A19948800D2485D /* accessoryIndicator@2x.png */; };
		F4F8712F1A144B7D00B05F42 /* bluesky.png in Resources */ = {isa = PBXBuildFile; fileRef = F4F8712E1A144B7D00B05F42 /* bluesky.png */; };
/* End PBXBuildFile section */

/* Begin PBXContainerItemProxy section */
		F48FD15619F786DE0006B690 /* PBXContainerItemProxy */ = {
			isa = PBXContainerItemProxy;
			containerPortal = F48FD13419F786DD0006B690 /* Project object */;
			proxyType = 1;
			remoteGlobalIDString = F48FD13B19F786DE0006B690;
			remoteInfo = longfeiApp;
		};
/* End PBXContainerItemProxy section */

/* Begin PBXFileReference section */
		F42227B61A13522C00E8FAD5 /* 5.png */ = {isa = PBXFileReference; lastKnownFileType = image.png; path = 5.png; sourceTree = "<group>"; };
		F42227B71A13522C00E8FAD5 /* 21.png */ = {isa = PBXFileReference; lastKnownFileType = image.png; path = 21.png; sourceTree = "<group>"; };
		F42227BA1A13523A00E8FAD5 /* 11111122222333333.rtf */ = {isa = PBXFileReference; fileEncoding = 4; lastKnownFileType = text.rtf; path = 11111122222333333.rtf; sourceTree = "<group>"; };
		F42227BB1A13523A00E8FAD5 /* 222222233333334445566.rtf */ = {isa = PBXFileReference; fileEncoding = 4; lastKnownFileType = text.rtf; path = 222222233333334445566.rtf; sourceTree = "<group>"; };
		F42227DA1A13523A00E8FAD5 /* 屏幕快照 2014-10-16 上午9.46.48.png */ = {isa = PBXFileReference; lastKnownFileType = image.png; path = "屏幕快照 2014-10-16 上午9.46.48.png"; sourceTree = "<group>"; };
		F43713091A1B4FC200DEFCCC /* 开源中国.rtf */ = {isa = PBXFileReference; fileEncoding = 4; lastKnownFileType = text.rtf; path = "开源中国.rtf"; sourceTree = "<group>"; };
		F437130A1A1B4FC300DEFCCC /* 屏幕快照 2014-11-17 下午1.49.04.png */ = {isa = PBXFileReference; lastKnownFileType = image.png; path = "屏幕快照 2014-11-17 下午1.49.04.png"; sourceTree = "<group>"; };
		F437130B1A1B4FC300DEFCCC /* 屏幕快照 2014-11-17 下午1.49.20.png */ = {isa = PBXFileReference; lastKnownFileType = image.png; path = "屏幕快照 2014-11-17 下午1.49.20.png"; sourceTree = "<group>"; };
		F437130C1A1B4FC300DEFCCC /* github免输入密码.rtf */ = {isa = PBXFileReference; fileEncoding = 4; lastKnownFileType = text.rtf; path = "github免输入密码.rtf"; sourceTree = "<group>"; };
		F437130D1A1B4FC300DEFCCC /* ios本地消息通知的使用.rtf */ = {isa = PBXFileReference; fileEncoding = 4; lastKnownFileType = text.rtf; path = "ios本地消息通知的使用.rtf"; sourceTree = "<group>"; };
		F48FD13C19F786DE0006B690 /* longfeiApp.app */ = {isa = PBXFileReference; explicitFileType = wrapper.application; includeInIndex = 0; path = longfeiApp.app; sourceTree = BUILT_PRODUCTS_DIR; };
		F48FD14019F786DE0006B690 /* Info.plist */ = {isa = PBXFileReference; lastKnownFileType = text.plist.xml; path = Info.plist; sourceTree = "<group>"; };
		F48FD14119F786DE0006B690 /* main.m */ = {isa = PBXFileReference; lastKnownFileType = sourcecode.c.objc; path = main.m; sourceTree = "<group>"; };
		F48FD14319F786DE0006B690 /* AppDelegate.h */ = {isa = PBXFileReference; lastKnownFileType = sourcecode.c.h; path = AppDelegate.h; sourceTree = "<group>"; };
		F48FD14419F786DE0006B690 /* AppDelegate.m */ = {isa = PBXFileReference; lastKnownFileType = sourcecode.c.objc; path = AppDelegate.m; sourceTree = "<group>"; };
		F48FD14A19F786DE0006B690 /* Base */ = {isa = PBXFileReference; lastKnownFileType = file.storyboard; name = Base; path = Base.lproj/Main.storyboard; sourceTree = "<group>"; };
		F48FD14C19F786DE0006B690 /* Images.xcassets */ = {isa = PBXFileReference; lastKnownFileType = folder.assetcatalog; path = Images.xcassets; sourceTree = "<group>"; };
		F48FD14F19F786DE0006B690 /* Base */ = {isa = PBXFileReference; lastKnownFileType = file.xib; name = Base; path = Base.lproj/LaunchScreen.xib; sourceTree = "<group>"; };
		F48FD15519F786DE0006B690 /* longfeiAppTests.xctest */ = {isa = PBXFileReference; explicitFileType = wrapper.cfbundle; includeInIndex = 0; path = longfeiAppTests.xctest; sourceTree = BUILT_PRODUCTS_DIR; };
		F48FD19919F7888A0006B690 /* AddressBook.framework */ = {isa = PBXFileReference; lastKnownFileType = wrapper.framework; name = AddressBook.framework; path = System/Library/Frameworks/AddressBook.framework; sourceTree = SDKROOT; };
		F48FD19A19F7888A0006B690 /* AddressBookUI.framework */ = {isa = PBXFileReference; lastKnownFileType = wrapper.framework; name = AddressBookUI.framework; path = System/Library/Frameworks/AddressBookUI.framework; sourceTree = SDKROOT; };
		F48FD19D19F788990006B690 /* CoreGraphics.framework */ = {isa = PBXFileReference; lastKnownFileType = wrapper.framework; name = CoreGraphics.framework; path = System/Library/Frameworks/CoreGraphics.framework; sourceTree = SDKROOT; };
		F48FD19F19F788A40006B690 /* Foundation.framework */ = {isa = PBXFileReference; lastKnownFileType = wrapper.framework; name = Foundation.framework; path = System/Library/Frameworks/Foundation.framework; sourceTree = SDKROOT; };
		F48FD1A119F788AE0006B690 /* UIKit.framework */ = {isa = PBXFileReference; lastKnownFileType = wrapper.framework; name = UIKit.framework; path = System/Library/Frameworks/UIKit.framework; sourceTree = SDKROOT; };
		F48FD1A319F788C70006B690 /* libicucore.dylib */ = {isa = PBXFileReference; lastKnownFileType = "compiled.mach-o.dylib"; name = libicucore.dylib; path = usr/lib/libicucore.dylib; sourceTree = SDKROOT; };
		F48FD1C219F7A65D0006B690 /* common_button_2word_down.png */ = {isa = PBXFileReference; lastKnownFileType = image.png; path = common_button_2word_down.png; sourceTree = "<group>"; };
		F48FD1C319F7A65D0006B690 /* common_button_2word_down@2x.png */ = {isa = PBXFileReference; lastKnownFileType = image.png; path = "common_button_2word_down@2x.png"; sourceTree = "<group>"; };
		F48FD1C419F7A65D0006B690 /* common_button_2word_up.png */ = {isa = PBXFileReference; lastKnownFileType = image.png; path = common_button_2word_up.png; sourceTree = "<group>"; };
		F48FD1C519F7A65D0006B690 /* common_button_2word_up@2x.png */ = {isa = PBXFileReference; lastKnownFileType = image.png; path = "common_button_2word_up@2x.png"; sourceTree = "<group>"; };
		F48FD1C619F7A65D0006B690 /* common_button_back_down.png */ = {isa = PBXFileReference; lastKnownFileType = image.png; path = common_button_back_down.png; sourceTree = "<group>"; };
		F48FD1C719F7A65D0006B690 /* common_button_back_up.png */ = {isa = PBXFileReference; lastKnownFileType = image.png; path = common_button_back_up.png; sourceTree = "<group>"; };
		F48FD1C819F7A65D0006B690 /* common_titlebar.png */ = {isa = PBXFileReference; lastKnownFileType = image.png; path = common_titlebar.png; sourceTree = "<group>"; };
		F48FD1C919F7A65D0006B690 /* personalcenter_icon_search_background.png */ = {isa = PBXFileReference; lastKnownFileType = image.png; path = personalcenter_icon_search_background.png; sourceTree = "<group>"; };
		F48FD1DD19F7A6BD0006B690 /* git命令总结.rtfd */ = {isa = PBXFileReference; lastKnownFileType = wrapper.rtfd; path = "git命令总结.rtfd"; sourceTree = "<group>"; };
		F48FD1DF19F7A8110006B690 /* 物业公司微信平台功能需求.docx */ = {isa = PBXFileReference; lastKnownFileType = file; path = "物业公司微信平台功能需求.docx"; sourceTree = "<group>"; };
		F4BC81D31A15A033002FC476 /* 屏幕快照 2014-11-13 下午5.33.36.png */ = {isa = PBXFileReference; lastKnownFileType = image.png; path = "屏幕快照 2014-11-13 下午5.33.36.png"; sourceTree = "<group>"; };
		F4BC81D41A15A033002FC476 /* 屏幕快照 2014-11-13 下午5.36.31.png */ = {isa = PBXFileReference; lastKnownFileType = image.png; path = "屏幕快照 2014-11-13 下午5.36.31.png"; sourceTree = "<group>"; };
		F4BC81DE1A15E1DF002FC476 /* longfeiApp-Prefix.pch */ = {isa = PBXFileReference; fileEncoding = 4; lastKnownFileType = sourcecode.c.h; path = "longfeiApp-Prefix.pch"; sourceTree = "<group>"; };
		F4BC81E11A15E4C9002FC476 /* AddressBook_Meet_ViewController.h */ = {isa = PBXFileReference; fileEncoding = 4; lastKnownFileType = sourcecode.c.h; path = AddressBook_Meet_ViewController.h; sourceTree = "<group>"; };
		F4BC81E21A15E4C9002FC476 /* AddressBook_Meet_ViewController.mm */ = {isa = PBXFileReference; fileEncoding = 4; lastKnownFileType = sourcecode.cpp.objcpp; path = AddressBook_Meet_ViewController.mm; sourceTree = "<group>"; };
		F4BC81E31A15E4C9002FC476 /* AddressBook_Meet_ViewController.xib */ = {isa = PBXFileReference; fileEncoding = 4; lastKnownFileType = file.xib; path = AddressBook_Meet_ViewController.xib; sourceTree = "<group>"; };
		F4BC81E51A15E4C9002FC476 /* AddressBookData.h */ = {isa = PBXFileReference; fileEncoding = 4; lastKnownFileType = sourcecode.c.h; path = AddressBookData.h; sourceTree = "<group>"; };
		F4BC81E61A15E4C9002FC476 /* AddressBookData.mm */ = {isa = PBXFileReference; fileEncoding = 4; lastKnownFileType = sourcecode.cpp.objcpp; path = AddressBookData.mm; sourceTree = "<group>"; };
		F4BC81E81A15E4C9002FC476 /* RegexKitLite.h */ = {isa = PBXFileReference; fileEncoding = 4; lastKnownFileType = sourcecode.c.h; path = RegexKitLite.h; sourceTree = "<group>"; };
		F4BC81E91A15E4C9002FC476 /* RegexKitLite.m */ = {isa = PBXFileReference; fileEncoding = 4; lastKnownFileType = sourcecode.c.objc; path = RegexKitLite.m; sourceTree = "<group>"; };
		F4BC81EB1A15E4C9002FC476 /* pinyin.c */ = {isa = PBXFileReference; fileEncoding = 4; lastKnownFileType = sourcecode.c.c; path = pinyin.c; sourceTree = "<group>"; };
		F4BC81EC1A15E4C9002FC476 /* pinyin.h */ = {isa = PBXFileReference; fileEncoding = 4; lastKnownFileType = sourcecode.c.h; path = pinyin.h; sourceTree = "<group>"; };
		F4BC81ED1A15E4C9002FC476 /* POAPinyin.h */ = {isa = PBXFileReference; fileEncoding = 4; lastKnownFileType = sourcecode.c.h; path = POAPinyin.h; sourceTree = "<group>"; };
		F4BC81EE1A15E4C9002FC476 /* POAPinyin.m */ = {isa = PBXFileReference; fileEncoding = 4; lastKnownFileType = sourcecode.c.objc; path = POAPinyin.m; sourceTree = "<group>"; };
		F4BC81EF1A15E4C9002FC476 /* MeetContactCell.h */ = {isa = PBXFileReference; fileEncoding = 4; lastKnownFileType = sourcecode.c.h; path = MeetContactCell.h; sourceTree = "<group>"; };
		F4BC81F01A15E4C9002FC476 /* MeetContactCell.mm */ = {isa = PBXFileReference; fileEncoding = 4; lastKnownFileType = sourcecode.cpp.objcpp; path = MeetContactCell.mm; sourceTree = "<group>"; };
		F4BC81F11A15E4C9002FC476 /* MeetContactCell.xib */ = {isa = PBXFileReference; fileEncoding = 4; lastKnownFileType = file.xib; path = MeetContactCell.xib; sourceTree = "<group>"; };
		F4BC81F41A15E4C9002FC476 /* ImagePickerViewController.h */ = {isa = PBXFileReference; fileEncoding = 4; lastKnownFileType = sourcecode.c.h; path = ImagePickerViewController.h; sourceTree = "<group>"; };
		F4BC81F51A15E4C9002FC476 /* ImagePickerViewController.m */ = {isa = PBXFileReference; fileEncoding = 4; lastKnownFileType = sourcecode.c.objc; path = ImagePickerViewController.m; sourceTree = "<group>"; };
		F4BC81F71A15E4C9002FC476 /* JSONKit.h */ = {isa = PBXFileReference; fileEncoding = 4; lastKnownFileType = sourcecode.c.h; path = JSONKit.h; sourceTree = "<group>"; };
		F4BC81F81A15E4C9002FC476 /* JSONKit.m */ = {isa = PBXFileReference; fileEncoding = 4; lastKnownFileType = sourcecode.c.objc; path = JSONKit.m; sourceTree = "<group>"; };
		F4BC81F91A15E4C9002FC476 /* MainViewControllor.h */ = {isa = PBXFileReference; fileEncoding = 4; lastKnownFileType = sourcecode.c.h; path = MainViewControllor.h; sourceTree = "<group>"; };
		F4BC81FA1A15E4C9002FC476 /* MainViewControllor.m */ = {isa = PBXFileReference; fileEncoding = 4; lastKnownFileType = sourcecode.c.objc; path = MainViewControllor.m; sourceTree = "<group>"; };
		F4BC81FB1A15E4C9002FC476 /* MainViewControllor.xib */ = {isa = PBXFileReference; fileEncoding = 4; lastKnownFileType = file.xib; path = MainViewControllor.xib; sourceTree = "<group>"; };
		F4BC81FD1A15E4C9002FC476 /* NAmeview.h */ = {isa = PBXFileReference; fileEncoding = 4; lastKnownFileType = sourcecode.c.h; path = NAmeview.h; sourceTree = "<group>"; };
		F4BC81FE1A15E4C9002FC476 /* NAmeview.m */ = {isa = PBXFileReference; fileEncoding = 4; lastKnownFileType = sourcecode.c.objc; path = NAmeview.m; sourceTree = "<group>"; };
		F4BC82001A15E4C9002FC476 /* LongCommon.h */ = {isa = PBXFileReference; fileEncoding = 4; lastKnownFileType = sourcecode.c.h; path = LongCommon.h; sourceTree = "<group>"; };
		F4BC82011A15E4C9002FC476 /* NSString+MD5Addition.h */ = {isa = PBXFileReference; fileEncoding = 4; lastKnownFileType = sourcecode.c.h; path = "NSString+MD5Addition.h"; sourceTree = "<group>"; };
		F4BC82021A15E4C9002FC476 /* NSString+MD5Addition.m */ = {isa = PBXFileReference; fileEncoding = 4; lastKnownFileType = sourcecode.c.objc; path = "NSString+MD5Addition.m"; sourceTree = "<group>"; };
		F4BC82031A15E4C9002FC476 /* UIDevice+IdentifierAddition.h */ = {isa = PBXFileReference; fileEncoding = 4; lastKnownFileType = sourcecode.c.h; path = "UIDevice+IdentifierAddition.h"; sourceTree = "<group>"; };
		F4BC82041A15E4C9002FC476 /* UIDevice+IdentifierAddition.m */ = {isa = PBXFileReference; fileEncoding = 4; lastKnownFileType = sourcecode.c.objc; path = "UIDevice+IdentifierAddition.m"; sourceTree = "<group>"; };
		F4BC82141A15EFA2002FC476 /* CommonClass.h */ = {isa = PBXFileReference; fileEncoding = 4; lastKnownFileType = sourcecode.c.h; path = CommonClass.h; sourceTree = "<group>"; };
		F4BC82151A15EFA2002FC476 /* CommonClass.m */ = {isa = PBXFileReference; fileEncoding = 4; lastKnownFileType = sourcecode.c.objc; path = CommonClass.m; sourceTree = "<group>"; };
		F4BC82191A15EFE8002FC476 /* MBProgressHUD.h */ = {isa = PBXFileReference; fileEncoding = 4; lastKnownFileType = sourcecode.c.h; path = MBProgressHUD.h; sourceTree = "<group>"; };
		F4BC821A1A15EFE8002FC476 /* MBProgressHUD.m */ = {isa = PBXFileReference; fileEncoding = 4; lastKnownFileType = sourcecode.c.objc; path = MBProgressHUD.m; sourceTree = "<group>"; };
		F4BC82211A15F048002FC476 /* Reachability.h */ = {isa = PBXFileReference; fileEncoding = 4; lastKnownFileType = sourcecode.c.h; path = Reachability.h; sourceTree = "<group>"; };
		F4BC82221A15F048002FC476 /* Reachability.m */ = {isa = PBXFileReference; fileEncoding = 4; lastKnownFileType = sourcecode.c.objc; path = Reachability.m; sourceTree = "<group>"; };
		F4BC82271A15FA33002FC476 /* MCustomSwitch.h */ = {isa = PBXFileReference; fileEncoding = 4; lastKnownFileType = sourcecode.c.h; path = MCustomSwitch.h; sourceTree = "<group>"; };
		F4BC82281A15FA33002FC476 /* MCustomSwitch.m */ = {isa = PBXFileReference; fileEncoding = 4; lastKnownFileType = sourcecode.c.objc; path = MCustomSwitch.m; sourceTree = "<group>"; };
		F4BC822A1A15FA65002FC476 /* MBResource.h */ = {isa = PBXFileReference; fileEncoding = 4; lastKnownFileType = sourcecode.c.h; path = MBResource.h; sourceTree = "<group>"; };
		F4BC822B1A15FA65002FC476 /* MBResource.m */ = {isa = PBXFileReference; fileEncoding = 4; lastKnownFileType = sourcecode.c.objc; path = MBResource.m; sourceTree = "<group>"; };
		F4BC822D1A15FA97002FC476 /* MCustomSelection.h */ = {isa = PBXFileReference; fileEncoding = 4; lastKnownFileType = sourcecode.c.h; path = MCustomSelection.h; sourceTree = "<group>"; };
		F4BC822E1A15FA97002FC476 /* MCustomSelection.m */ = {isa = PBXFileReference; fileEncoding = 4; lastKnownFileType = sourcecode.c.objc; path = MCustomSelection.m; sourceTree = "<group>"; };
		F4BC82301A15FAC5002FC476 /* IconButton.h */ = {isa = PBXFileReference; fileEncoding = 4; lastKnownFileType = sourcecode.c.h; path = IconButton.h; sourceTree = "<group>"; };
		F4BC82311A15FAC5002FC476 /* IconButton.m */ = {isa = PBXFileReference; fileEncoding = 4; lastKnownFileType = sourcecode.c.objc; path = IconButton.m; sourceTree = "<group>"; };
		F4BC82331A15FB05002FC476 /* CustomAlertView.h */ = {isa = PBXFileReference; fileEncoding = 4; lastKnownFileType = sourcecode.c.h; path = CustomAlertView.h; sourceTree = "<group>"; };
		F4BC82341A15FB05002FC476 /* CustomAlertView.m */ = {isa = PBXFileReference; fileEncoding = 4; lastKnownFileType = sourcecode.c.objc; path = CustomAlertView.m; sourceTree = "<group>"; };
		F4BC82361A15FB33002FC476 /* CustomToolBar.h */ = {isa = PBXFileReference; fileEncoding = 4; lastKnownFileType = sourcecode.c.h; path = CustomToolBar.h; sourceTree = "<group>"; };
		F4BC82371A15FB33002FC476 /* CustomToolBar.m */ = {isa = PBXFileReference; fileEncoding = 4; lastKnownFileType = sourcecode.c.objc; path = CustomToolBar.m; sourceTree = "<group>"; };
		F4BC82391A15FB92002FC476 /* LocalNotificationCenter.h */ = {isa = PBXFileReference; fileEncoding = 4; lastKnownFileType = sourcecode.c.h; path = LocalNotificationCenter.h; sourceTree = "<group>"; };
		F4BC823A1A15FB92002FC476 /* LocalNotificationCenter.m */ = {isa = PBXFileReference; fileEncoding = 4; lastKnownFileType = sourcecode.c.objc; path = LocalNotificationCenter.m; sourceTree = "<group>"; };
		F4BC823D1A160163002FC476 /* light_ico.png */ = {isa = PBXFileReference; lastKnownFileType = image.png; path = light_ico.png; sourceTree = "<group>"; };
		F4BC823E1A160163002FC476 /* light_ico@2x.png */ = {isa = PBXFileReference; lastKnownFileType = image.png; path = "light_ico@2x.png"; sourceTree = "<group>"; };
		F4BC823F1A160163002FC476 /* light_ico_n.png */ = {isa = PBXFileReference; lastKnownFileType = image.png; path = light_ico_n.png; sourceTree = "<group>"; };
		F4BC82401A160163002FC476 /* light_ico_n@2x.png */ = {isa = PBXFileReference; lastKnownFileType = image.png; path = "light_ico_n@2x.png"; sourceTree = "<group>"; };
		F4BC82411A160163002FC476 /* off_ico.png */ = {isa = PBXFileReference; lastKnownFileType = image.png; path = off_ico.png; sourceTree = "<group>"; };
		F4BC82421A160163002FC476 /* off_ico@2x.png */ = {isa = PBXFileReference; lastKnownFileType = image.png; path = "off_ico@2x.png"; sourceTree = "<group>"; };
		F4BC82431A160163002FC476 /* on_bg.png */ = {isa = PBXFileReference; lastKnownFileType = image.png; path = on_bg.png; sourceTree = "<group>"; };
		F4BC82441A160163002FC476 /* on_bg@2x.png */ = {isa = PBXFileReference; lastKnownFileType = image.png; path = "on_bg@2x.png"; sourceTree = "<group>"; };
		F4BC82451A160163002FC476 /* on_ico.png */ = {isa = PBXFileReference; lastKnownFileType = image.png; path = on_ico.png; sourceTree = "<group>"; };
		F4BC82461A160163002FC476 /* on_ico@2x.png */ = {isa = PBXFileReference; lastKnownFileType = image.png; path = "on_ico@2x.png"; sourceTree = "<group>"; };
		F4F40C981A19948800D2485D /* accessoryDisclosureIndicator.png */ = {isa = PBXFileReference; lastKnownFileType = image.png; path = accessoryDisclosureIndicator.png; sourceTree = "<group>"; };
		F4F40C991A19948800D2485D /* accessoryIndicator.png */ = {isa = PBXFileReference; lastKnownFileType = image.png; path = accessoryIndicator.png; sourceTree = "<group>"; };
		F4F40C9A1A19948800D2485D /* accessoryIndicator@2x.png */ = {isa = PBXFileReference; lastKnownFileType = image.png; path = "accessoryIndicator@2x.png"; sourceTree = "<group>"; };
		F4F8712E1A144B7D00B05F42 /* bluesky.png */ = {isa = PBXFileReference; lastKnownFileType = image.png; path = bluesky.png; sourceTree = "<group>"; };
/* End PBXFileReference section */

/* Begin PBXFrameworksBuildPhase section */
		F48FD13919F786DE0006B690 /* Frameworks */ = {
			isa = PBXFrameworksBuildPhase;
			buildActionMask = 2147483647;
			files = (
				F48FD1A419F788C70006B690 /* libicucore.dylib in Frameworks */,
				F48FD1A219F788AE0006B690 /* UIKit.framework in Frameworks */,
				F48FD1A019F788A40006B690 /* Foundation.framework in Frameworks */,
				F48FD19E19F788990006B690 /* CoreGraphics.framework in Frameworks */,
				F48FD19B19F7888A0006B690 /* AddressBook.framework in Frameworks */,
				F48FD19C19F7888A0006B690 /* AddressBookUI.framework in Frameworks */,
			);
			runOnlyForDeploymentPostprocessing = 0;
		};
		F48FD15219F786DE0006B690 /* Frameworks */ = {
			isa = PBXFrameworksBuildPhase;
			buildActionMask = 2147483647;
			files = (
			);
			runOnlyForDeploymentPostprocessing = 0;
		};
/* End PBXFrameworksBuildPhase section */

/* Begin PBXGroup section */
		F48FD13319F786DD0006B690 = {
			isa = PBXGroup;
			children = (
				F48FD13E19F786DE0006B690 /* longfeiApp */,
				F48FD13D19F786DE0006B690 /* Products */,
			);
			sourceTree = "<group>";
		};
		F48FD13D19F786DE0006B690 /* Products */ = {
			isa = PBXGroup;
			children = (
				F48FD13C19F786DE0006B690 /* longfeiApp.app */,
				F48FD15519F786DE0006B690 /* longfeiAppTests.xctest */,
			);
			name = Products;
			sourceTree = "<group>";
		};
		F48FD13E19F786DE0006B690 /* longfeiApp */ = {
			isa = PBXGroup;
			children = (
				F4BC81DF1A15E4C8002FC476 /* developercode */,
				F48FD1BF19F7A65D0006B690 /* RemarksFile */,
				F48FD1C019F7A65D0006B690 /* Resource */,
				F48FD1A519F799350006B690 /* Frameworks */,
				F48FD14319F786DE0006B690 /* AppDelegate.h */,
				F48FD14419F786DE0006B690 /* AppDelegate.m */,
				F48FD14919F786DE0006B690 /* Main.storyboard */,
				F48FD14C19F786DE0006B690 /* Images.xcassets */,
				F48FD14E19F786DE0006B690 /* LaunchScreen.xib */,
				F48FD13F19F786DE0006B690 /* Supporting Files */,
			);
			path = longfeiApp;
			sourceTree = "<group>";
		};
		F48FD13F19F786DE0006B690 /* Supporting Files */ = {
			isa = PBXGroup;
			children = (
				F4BC81DE1A15E1DF002FC476 /* longfeiApp-Prefix.pch */,
				F48FD14019F786DE0006B690 /* Info.plist */,
				F48FD14119F786DE0006B690 /* main.m */,
			);
			name = "Supporting Files";
			sourceTree = "<group>";
		};
		F48FD1A519F799350006B690 /* Frameworks */ = {
			isa = PBXGroup;
			children = (
				F48FD1A319F788C70006B690 /* libicucore.dylib */,
				F48FD1A119F788AE0006B690 /* UIKit.framework */,
				F48FD19F19F788A40006B690 /* Foundation.framework */,
				F48FD19D19F788990006B690 /* CoreGraphics.framework */,
				F48FD19919F7888A0006B690 /* AddressBook.framework */,
				F48FD19A19F7888A0006B690 /* AddressBookUI.framework */,
			);
			name = Frameworks;
			path = ..;
			sourceTree = "<group>";
		};
		F48FD1BF19F7A65D0006B690 /* RemarksFile */ = {
			isa = PBXGroup;
			children = (
				F43713091A1B4FC200DEFCCC /* 开源中国.rtf */,
				F437130A1A1B4FC300DEFCCC /* 屏幕快照 2014-11-17 下午1.49.04.png */,
				F437130B1A1B4FC300DEFCCC /* 屏幕快照 2014-11-17 下午1.49.20.png */,
				F437130C1A1B4FC300DEFCCC /* github免输入密码.rtf */,
				F437130D1A1B4FC300DEFCCC /* ios本地消息通知的使用.rtf */,
				F4BC81D31A15A033002FC476 /* 屏幕快照 2014-11-13 下午5.33.36.png */,
				F4BC81D41A15A033002FC476 /* 屏幕快照 2014-11-13 下午5.36.31.png */,
				F42227BA1A13523A00E8FAD5 /* 11111122222333333.rtf */,
				F42227BB1A13523A00E8FAD5 /* 222222233333334445566.rtf */,
				F42227DA1A13523A00E8FAD5 /* 屏幕快照 2014-10-16 上午9.46.48.png */,
				F48FD1DF19F7A8110006B690 /* 物业公司微信平台功能需求.docx */,
				F48FD1DD19F7A6BD0006B690 /* git命令总结.rtfd */,
			);
			path = RemarksFile;
			sourceTree = "<group>";
		};
		F48FD1C019F7A65D0006B690 /* Resource */ = {
			isa = PBXGroup;
			children = (
				F48FD1C119F7A65D0006B690 /* imageResource */,
			);
			path = Resource;
			sourceTree = "<group>";
		};
		F48FD1C119F7A65D0006B690 /* imageResource */ = {
			isa = PBXGroup;
			children = (
				F4F40C981A19948800D2485D /* accessoryDisclosureIndicator.png */,
				F4F40C991A19948800D2485D /* accessoryIndicator.png */,
				F4F40C9A1A19948800D2485D /* accessoryIndicator@2x.png */,
				F4BC823C1A160163002FC476 /* pic */,
				F4F8712E1A144B7D00B05F42 /* bluesky.png */,
				F42227B61A13522C00E8FAD5 /* 5.png */,
				F42227B71A13522C00E8FAD5 /* 21.png */,
				F48FD1C219F7A65D0006B690 /* common_button_2word_down.png */,
				F48FD1C319F7A65D0006B690 /* common_button_2word_down@2x.png */,
				F48FD1C419F7A65D0006B690 /* common_button_2word_up.png */,
				F48FD1C519F7A65D0006B690 /* common_button_2word_up@2x.png */,
				F48FD1C619F7A65D0006B690 /* common_button_back_down.png */,
				F48FD1C719F7A65D0006B690 /* common_button_back_up.png */,
				F48FD1C819F7A65D0006B690 /* common_titlebar.png */,
				F48FD1C919F7A65D0006B690 /* personalcenter_icon_search_background.png */,
			);
			path = imageResource;
			sourceTree = "<group>";
		};
		F4BC81DF1A15E4C8002FC476 /* developercode */ = {
			isa = PBXGroup;
			children = (
				F4BC82171A15EFE8002FC476 /* MBProgressHUD */,
				F4BC81E01A15E4C9002FC476 /* AddressBook */,
				F4BC81F21A15E4C9002FC476 /* CustomControl */,
				F4BC81F31A15E4C9002FC476 /* ImagePicker */,
				F4BC81F61A15E4C9002FC476 /* JSONKit */,
				F4BC81F91A15E4C9002FC476 /* MainViewControllor.h */,
				F4BC81FA1A15E4C9002FC476 /* MainViewControllor.m */,
				F4BC81FB1A15E4C9002FC476 /* MainViewControllor.xib */,
				F4BC81FC1A15E4C9002FC476 /* PasswordSetView */,
				F4BC81FF1A15E4C9002FC476 /* publicModule */,
			);
			path = developercode;
			sourceTree = "<group>";
		};
		F4BC81E01A15E4C9002FC476 /* AddressBook */ = {
			isa = PBXGroup;
			children = (
				F4BC81E11A15E4C9002FC476 /* AddressBook_Meet_ViewController.h */,
				F4BC81E21A15E4C9002FC476 /* AddressBook_Meet_ViewController.mm */,
				F4BC81E31A15E4C9002FC476 /* AddressBook_Meet_ViewController.xib */,
				F4BC81E41A15E4C9002FC476 /* AddressBookEngine */,
				F4BC81EA1A15E4C9002FC476 /* AssistFile */,
				F4BC81EF1A15E4C9002FC476 /* MeetContactCell.h */,
				F4BC81F01A15E4C9002FC476 /* MeetContactCell.mm */,
				F4BC81F11A15E4C9002FC476 /* MeetContactCell.xib */,
			);
			path = AddressBook;
			sourceTree = "<group>";
		};
		F4BC81E41A15E4C9002FC476 /* AddressBookEngine */ = {
			isa = PBXGroup;
			children = (
				F4BC81E51A15E4C9002FC476 /* AddressBookData.h */,
				F4BC81E61A15E4C9002FC476 /* AddressBookData.mm */,
				F4BC81E71A15E4C9002FC476 /* RegexKitLite-4.0 */,
			);
			path = AddressBookEngine;
			sourceTree = "<group>";
		};
		F4BC81E71A15E4C9002FC476 /* RegexKitLite-4.0 */ = {
			isa = PBXGroup;
			children = (
				F4BC81E81A15E4C9002FC476 /* RegexKitLite.h */,
				F4BC81E91A15E4C9002FC476 /* RegexKitLite.m */,
			);
			path = "RegexKitLite-4.0";
			sourceTree = "<group>";
		};
		F4BC81EA1A15E4C9002FC476 /* AssistFile */ = {
			isa = PBXGroup;
			children = (
				F4BC81EB1A15E4C9002FC476 /* pinyin.c */,
				F4BC81EC1A15E4C9002FC476 /* pinyin.h */,
				F4BC81ED1A15E4C9002FC476 /* POAPinyin.h */,
				F4BC81EE1A15E4C9002FC476 /* POAPinyin.m */,
			);
			path = AssistFile;
			sourceTree = "<group>";
		};
		F4BC81F21A15E4C9002FC476 /* CustomControl */ = {
			isa = PBXGroup;
			children = (
				F4BC82391A15FB92002FC476 /* LocalNotificationCenter.h */,
				F4BC823A1A15FB92002FC476 /* LocalNotificationCenter.m */,
				F4BC82361A15FB33002FC476 /* CustomToolBar.h */,
				F4BC82371A15FB33002FC476 /* CustomToolBar.m */,
				F4BC82331A15FB05002FC476 /* CustomAlertView.h */,
				F4BC82341A15FB05002FC476 /* CustomAlertView.m */,
				F4BC82301A15FAC5002FC476 /* IconButton.h */,
				F4BC82311A15FAC5002FC476 /* IconButton.m */,
				F4BC822D1A15FA97002FC476 /* MCustomSelection.h */,
				F4BC822E1A15FA97002FC476 /* MCustomSelection.m */,
				F4BC822A1A15FA65002FC476 /* MBResource.h */,
				F4BC822B1A15FA65002FC476 /* MBResource.m */,
				F4BC82271A15FA33002FC476 /* MCustomSwitch.h */,
				F4BC82281A15FA33002FC476 /* MCustomSwitch.m */,
			);
			path = CustomControl;
			sourceTree = "<group>";
		};
		F4BC81F31A15E4C9002FC476 /* ImagePicker */ = {
			isa = PBXGroup;
			children = (
				F4BC81F41A15E4C9002FC476 /* ImagePickerViewController.h */,
				F4BC81F51A15E4C9002FC476 /* ImagePickerViewController.m */,
			);
			path = ImagePicker;
			sourceTree = "<group>";
		};
		F4BC81F61A15E4C9002FC476 /* JSONKit */ = {
			isa = PBXGroup;
			children = (
				F4BC81F71A15E4C9002FC476 /* JSONKit.h */,
				F4BC81F81A15E4C9002FC476 /* JSONKit.m */,
			);
			path = JSONKit;
			sourceTree = "<group>";
		};
		F4BC81FC1A15E4C9002FC476 /* PasswordSetView */ = {
			isa = PBXGroup;
			children = (
				F4BC81FD1A15E4C9002FC476 /* NAmeview.h */,
				F4BC81FE1A15E4C9002FC476 /* NAmeview.m */,
			);
			path = PasswordSetView;
			sourceTree = "<group>";
		};
		F4BC81FF1A15E4C9002FC476 /* publicModule */ = {
			isa = PBXGroup;
			children = (
				F4BC821F1A15F048002FC476 /* Reachability */,
				F4BC82141A15EFA2002FC476 /* CommonClass.h */,
				F4BC82151A15EFA2002FC476 /* CommonClass.m */,
				F4BC82001A15E4C9002FC476 /* LongCommon.h */,
				F4BC82011A15E4C9002FC476 /* NSString+MD5Addition.h */,
				F4BC82021A15E4C9002FC476 /* NSString+MD5Addition.m */,
				F4BC82031A15E4C9002FC476 /* UIDevice+IdentifierAddition.h */,
				F4BC82041A15E4C9002FC476 /* UIDevice+IdentifierAddition.m */,
			);
			path = publicModule;
			sourceTree = "<group>";
		};
		F4BC82171A15EFE8002FC476 /* MBProgressHUD */ = {
			isa = PBXGroup;
			children = (
				F4BC82191A15EFE8002FC476 /* MBProgressHUD.h */,
				F4BC821A1A15EFE8002FC476 /* MBProgressHUD.m */,
			);
			path = MBProgressHUD;
			sourceTree = "<group>";
		};
		F4BC821F1A15F048002FC476 /* Reachability */ = {
			isa = PBXGroup;
			children = (
				F4BC82211A15F048002FC476 /* Reachability.h */,
				F4BC82221A15F048002FC476 /* Reachability.m */,
			);
			path = Reachability;
			sourceTree = "<group>";
		};
		F4BC823C1A160163002FC476 /* pic */ = {
			isa = PBXGroup;
			children = (
				F4BC823D1A160163002FC476 /* light_ico.png */,
				F4BC823E1A160163002FC476 /* light_ico@2x.png */,
				F4BC823F1A160163002FC476 /* light_ico_n.png */,
				F4BC82401A160163002FC476 /* light_ico_n@2x.png */,
				F4BC82411A160163002FC476 /* off_ico.png */,
				F4BC82421A160163002FC476 /* off_ico@2x.png */,
				F4BC82431A160163002FC476 /* on_bg.png */,
				F4BC82441A160163002FC476 /* on_bg@2x.png */,
				F4BC82451A160163002FC476 /* on_ico.png */,
				F4BC82461A160163002FC476 /* on_ico@2x.png */,
			);
			path = pic;
			sourceTree = "<group>";
		};
/* End PBXGroup section */

/* Begin PBXNativeTarget section */
		F48FD13B19F786DE0006B690 /* longfeiApp */ = {
			isa = PBXNativeTarget;
			buildConfigurationList = F48FD15F19F786DE0006B690 /* Build configuration list for PBXNativeTarget "longfeiApp" */;
			buildPhases = (
				F48FD13819F786DE0006B690 /* Sources */,
				F48FD13919F786DE0006B690 /* Frameworks */,
				F48FD13A19F786DE0006B690 /* Resources */,
			);
			buildRules = (
			);
			dependencies = (
			);
			name = longfeiApp;
			productName = longfeiApp;
			productReference = F48FD13C19F786DE0006B690 /* longfeiApp.app */;
			productType = "com.apple.product-type.application";
		};
		F48FD15419F786DE0006B690 /* longfeiAppTests */ = {
			isa = PBXNativeTarget;
			buildConfigurationList = F48FD16219F786DE0006B690 /* Build configuration list for PBXNativeTarget "longfeiAppTests" */;
			buildPhases = (
				F48FD15119F786DE0006B690 /* Sources */,
				F48FD15219F786DE0006B690 /* Frameworks */,
				F48FD15319F786DE0006B690 /* Resources */,
			);
			buildRules = (
			);
			dependencies = (
				F48FD15719F786DE0006B690 /* PBXTargetDependency */,
			);
			name = longfeiAppTests;
			productName = longfeiAppTests;
			productReference = F48FD15519F786DE0006B690 /* longfeiAppTests.xctest */;
			productType = "com.apple.product-type.bundle.unit-test";
		};
/* End PBXNativeTarget section */

/* Begin PBXProject section */
		F48FD13419F786DD0006B690 /* Project object */ = {
			isa = PBXProject;
			attributes = {
				LastUpgradeCheck = 0600;
				ORGANIZATIONNAME = yangcf;
				TargetAttributes = {
					F48FD13B19F786DE0006B690 = {
						CreatedOnToolsVersion = 6.0.1;
					};
					F48FD15419F786DE0006B690 = {
						CreatedOnToolsVersion = 6.0.1;
						TestTargetID = F48FD13B19F786DE0006B690;
					};
				};
			};
			buildConfigurationList = F48FD13719F786DD0006B690 /* Build configuration list for PBXProject "longfeiApp" */;
			compatibilityVersion = "Xcode 3.2";
			developmentRegion = English;
			hasScannedForEncodings = 0;
			knownRegions = (
				en,
				Base,
			);
			mainGroup = F48FD13319F786DD0006B690;
			productRefGroup = F48FD13D19F786DE0006B690 /* Products */;
			projectDirPath = "";
			projectRoot = "";
			targets = (
				F48FD13B19F786DE0006B690 /* longfeiApp */,
				F48FD15419F786DE0006B690 /* longfeiAppTests */,
			);
		};
/* End PBXProject section */

/* Begin PBXResourcesBuildPhase section */
		F48FD13A19F786DE0006B690 /* Resources */ = {
			isa = PBXResourcesBuildPhase;
			buildActionMask = 2147483647;
			files = (
				F4BC824C1A160163002FC476 /* off_ico@2x.png in Resources */,
				F4BC824A1A160163002FC476 /* light_ico_n@2x.png in Resources */,
				F48FD1D919F7A65D0006B690 /* common_button_back_down.png in Resources */,
				F42227E51A13523A00E8FAD5 /* 222222233333334445566.rtf in Resources */,
				F4F40C9B1A19948800D2485D /* accessoryDisclosureIndicator.png in Resources */,
				F4BC820C1A15E4C9002FC476 /* MeetContactCell.xib in Resources */,
				F42227F81A13523A00E8FAD5 /* 屏幕快照 2014-10-16 上午9.46.48.png in Resources */,
				F4F40C9D1A19948800D2485D /* accessoryIndicator@2x.png in Resources */,
				F4F8712F1A144B7D00B05F42 /* bluesky.png in Resources */,
				F48FD1D519F7A65D0006B690 /* common_button_2word_down.png in Resources */,
				F4F40C9C1A19948800D2485D /* accessoryIndicator.png in Resources */,
				F4BC824B1A160163002FC476 /* off_ico.png in Resources */,
				F4BC82061A15E4C9002FC476 /* AddressBook_Meet_ViewController.xib in Resources */,
				F48FD1E319F7A8110006B690 /* 物业公司微信平台功能需求.docx in Resources */,
				F43713121A1B4FC300DEFCCC /* ios本地消息通知的使用.rtf in Resources */,
				F48FD14B19F786DE0006B690 /* Main.storyboard in Resources */,
				F48FD1DC19F7A65D0006B690 /* personalcenter_icon_search_background.png in Resources */,
				F48FD1D619F7A65D0006B690 /* common_button_2word_down@2x.png in Resources */,
				F48FD1D819F7A65D0006B690 /* common_button_2word_up@2x.png in Resources */,
				F437130E1A1B4FC300DEFCCC /* 开源中国.rtf in Resources */,
				F437130F1A1B4FC300DEFCCC /* 屏幕快照 2014-11-17 下午1.49.04.png in Resources */,
				F48FD1DB19F7A65D0006B690 /* common_titlebar.png in Resources */,
				F4BC824E1A160163002FC476 /* on_bg@2x.png in Resources */,
				F48FD1DA19F7A65D0006B690 /* common_button_back_up.png in Resources */,
				F42227E41A13523A00E8FAD5 /* 11111122222333333.rtf in Resources */,
				F4BC82491A160163002FC476 /* light_ico_n.png in Resources */,
				F4BC81D61A15A033002FC476 /* 屏幕快照 2014-11-13 下午5.36.31.png in Resources */,
				F4BC82471A160163002FC476 /* light_ico.png in Resources */,
				F4BC824F1A160163002FC476 /* on_ico.png in Resources */,
				F48FD1D719F7A65D0006B690 /* common_button_2word_up.png in Resources */,
				F4BC81D51A15A033002FC476 /* 屏幕快照 2014-11-13 下午5.33.36.png in Resources */,
				F48FD15019F786DE0006B690 /* LaunchScreen.xib in Resources */,
				F42227B91A13522C00E8FAD5 /* 21.png in Resources */,
				F43713101A1B4FC300DEFCCC /* 屏幕快照 2014-11-17 下午1.49.20.png in Resources */,
				F43713111A1B4FC300DEFCCC /* github免输入密码.rtf in Resources */,
				F42227B81A13522C00E8FAD5 /* 5.png in Resources */,
				F4BC824D1A160163002FC476 /* on_bg.png in Resources */,
				F4BC82101A15E4C9002FC476 /* MainViewControllor.xib in Resources */,
				F48FD1DE19F7A6BD0006B690 /* git命令总结.rtfd in Resources */,
				F4BC82501A160163002FC476 /* on_ico@2x.png in Resources */,
				F48FD14D19F786DE0006B690 /* Images.xcassets in Resources */,
				F4BC82481A160163002FC476 /* light_ico@2x.png in Resources */,
			);
			runOnlyForDeploymentPostprocessing = 0;
		};
		F48FD15319F786DE0006B690 /* Resources */ = {
			isa = PBXResourcesBuildPhase;
			buildActionMask = 2147483647;
			files = (
			);
			runOnlyForDeploymentPostprocessing = 0;
		};
/* End PBXResourcesBuildPhase section */

/* Begin PBXSourcesBuildPhase section */
		F48FD13819F786DE0006B690 /* Sources */ = {
			isa = PBXSourcesBuildPhase;
			buildActionMask = 2147483647;
			files = (
				F4BC820A1A15E4C9002FC476 /* POAPinyin.m in Sources */,
				F4BC820B1A15E4C9002FC476 /* MeetContactCell.mm in Sources */,
				F4BC82091A15E4C9002FC476 /* pinyin.c in Sources */,
				F48FD14519F786DE0006B690 /* AppDelegate.m in Sources */,
				F4BC82381A15FB33002FC476 /* CustomToolBar.m in Sources */,
				F4BC820F1A15E4C9002FC476 /* MainViewControllor.m in Sources */,
				F4BC820E1A15E4C9002FC476 /* JSONKit.m in Sources */,
				F4BC820D1A15E4C9002FC476 /* ImagePickerViewController.m in Sources */,
				F4BC82121A15E4C9002FC476 /* NSString+MD5Addition.m in Sources */,
				F4BC82071A15E4C9002FC476 /* AddressBookData.mm in Sources */,
				F4BC82051A15E4C9002FC476 /* AddressBook_Meet_ViewController.mm in Sources */,
				F4BC82161A15EFA2002FC476 /* CommonClass.m in Sources */,
				F4BC82291A15FA33002FC476 /* MCustomSwitch.m in Sources */,
				F4BC82111A15E4C9002FC476 /* NAmeview.m in Sources */,
				F4BC82081A15E4C9002FC476 /* RegexKitLite.m in Sources */,
				F4BC82131A15E4C9002FC476 /* UIDevice+IdentifierAddition.m in Sources */,
				F4BC822C1A15FA65002FC476 /* MBResource.m in Sources */,
				F4BC82351A15FB05002FC476 /* CustomAlertView.m in Sources */,
				F4BC82321A15FAC6002FC476 /* IconButton.m in Sources */,
				F48FD14219F786DE0006B690 /* main.m in Sources */,
				F4BC822F1A15FA97002FC476 /* MCustomSelection.m in Sources */,
				F4BC82251A15F048002FC476 /* Reachability.m in Sources */,
				F4BC821D1A15EFE8002FC476 /* MBProgressHUD.m in Sources */,
				F4BC823B1A15FB92002FC476 /* LocalNotificationCenter.m in Sources */,
			);
			runOnlyForDeploymentPostprocessing = 0;
		};
		F48FD15119F786DE0006B690 /* Sources */ = {
			isa = PBXSourcesBuildPhase;
			buildActionMask = 2147483647;
			files = (
			);
			runOnlyForDeploymentPostprocessing = 0;
		};
/* End PBXSourcesBuildPhase section */

/* Begin PBXTargetDependency section */
		F48FD15719F786DE0006B690 /* PBXTargetDependency */ = {
			isa = PBXTargetDependency;
			target = F48FD13B19F786DE0006B690 /* longfeiApp */;
			targetProxy = F48FD15619F786DE0006B690 /* PBXContainerItemProxy */;
		};
/* End PBXTargetDependency section */

/* Begin PBXVariantGroup section */
		F48FD14919F786DE0006B690 /* Main.storyboard */ = {
			isa = PBXVariantGroup;
			children = (
				F48FD14A19F786DE0006B690 /* Base */,
			);
			name = Main.storyboard;
			sourceTree = "<group>";
		};
		F48FD14E19F786DE0006B690 /* LaunchScreen.xib */ = {
			isa = PBXVariantGroup;
			children = (
				F48FD14F19F786DE0006B690 /* Base */,
			);
			name = LaunchScreen.xib;
			sourceTree = "<group>";
		};
/* End PBXVariantGroup section */

/* Begin XCBuildConfiguration section */
		F48FD15D19F786DE0006B690 /* Debug */ = {
			isa = XCBuildConfiguration;
			buildSettings = {
				ALWAYS_SEARCH_USER_PATHS = NO;
				CLANG_CXX_LANGUAGE_STANDARD = "gnu++0x";
				CLANG_CXX_LIBRARY = "libc++";
				CLANG_ENABLE_MODULES = YES;
				CLANG_ENABLE_OBJC_ARC = NO;
				CLANG_WARN_BOOL_CONVERSION = YES;
				CLANG_WARN_CONSTANT_CONVERSION = YES;
				CLANG_WARN_DIRECT_OBJC_ISA_USAGE = YES_ERROR;
				CLANG_WARN_EMPTY_BODY = YES;
				CLANG_WARN_ENUM_CONVERSION = YES;
				CLANG_WARN_INT_CONVERSION = YES;
				CLANG_WARN_OBJC_ROOT_CLASS = YES_ERROR;
				CLANG_WARN_UNREACHABLE_CODE = YES;
				CLANG_WARN__DUPLICATE_METHOD_MATCH = YES;
				CODE_SIGN_IDENTITY = "iPhone Developer: Yan Ling Jiao (798ADME668)";
				"CODE_SIGN_IDENTITY[sdk=iphoneos*]" = "iPhone Developer: Yan Ling Jiao (798ADME668)";
				COPY_PHASE_STRIP = NO;
				ENABLE_STRICT_OBJC_MSGSEND = YES;
				GCC_C_LANGUAGE_STANDARD = gnu99;
				GCC_DYNAMIC_NO_PIC = NO;
				GCC_OPTIMIZATION_LEVEL = 0;
				GCC_PREPROCESSOR_DEFINITIONS = (
					"DEBUG=1",
					"$(inherited)",
				);
				GCC_SYMBOLS_PRIVATE_EXTERN = NO;
				GCC_WARN_64_TO_32_BIT_CONVERSION = YES;
				GCC_WARN_ABOUT_RETURN_TYPE = YES_ERROR;
				GCC_WARN_UNDECLARED_SELECTOR = YES;
				GCC_WARN_UNINITIALIZED_AUTOS = YES_AGGRESSIVE;
				GCC_WARN_UNUSED_FUNCTION = YES;
				GCC_WARN_UNUSED_VARIABLE = YES;
				IPHONEOS_DEPLOYMENT_TARGET = 5.0;
				MTL_ENABLE_DEBUG_INFO = YES;
				ONLY_ACTIVE_ARCH = YES;
				PROVISIONING_PROFILE = "4BDC7287-3875-4618-AA86-A947FE48A9C9";
				SDKROOT = iphoneos;
				TARGETED_DEVICE_FAMILY = "1,2";
			};
			name = Debug;
		};
		F48FD15E19F786DE0006B690 /* Release */ = {
			isa = XCBuildConfiguration;
			buildSettings = {
				ALWAYS_SEARCH_USER_PATHS = NO;
				CLANG_CXX_LANGUAGE_STANDARD = "gnu++0x";
				CLANG_CXX_LIBRARY = "libc++";
				CLANG_ENABLE_MODULES = YES;
				CLANG_ENABLE_OBJC_ARC = NO;
				CLANG_WARN_BOOL_CONVERSION = YES;
				CLANG_WARN_CONSTANT_CONVERSION = YES;
				CLANG_WARN_DIRECT_OBJC_ISA_USAGE = YES_ERROR;
				CLANG_WARN_EMPTY_BODY = YES;
				CLANG_WARN_ENUM_CONVERSION = YES;
				CLANG_WARN_INT_CONVERSION = YES;
				CLANG_WARN_OBJC_ROOT_CLASS = YES_ERROR;
				CLANG_WARN_UNREACHABLE_CODE = YES;
				CLANG_WARN__DUPLICATE_METHOD_MATCH = YES;
				CODE_SIGN_IDENTITY = "iPhone Developer: Yan Ling Jiao (798ADME668)";
				"CODE_SIGN_IDENTITY[sdk=iphoneos*]" = "iPhone Developer: Yan Ling Jiao (798ADME668)";
				COPY_PHASE_STRIP = YES;
				ENABLE_NS_ASSERTIONS = NO;
				ENABLE_STRICT_OBJC_MSGSEND = YES;
				GCC_C_LANGUAGE_STANDARD = gnu99;
				GCC_WARN_64_TO_32_BIT_CONVERSION = YES;
				GCC_WARN_ABOUT_RETURN_TYPE = YES_ERROR;
				GCC_WARN_UNDECLARED_SELECTOR = YES;
				GCC_WARN_UNINITIALIZED_AUTOS = YES_AGGRESSIVE;
				GCC_WARN_UNUSED_FUNCTION = YES;
				GCC_WARN_UNUSED_VARIABLE = YES;
				IPHONEOS_DEPLOYMENT_TARGET = 5.0;
				MTL_ENABLE_DEBUG_INFO = NO;
				PROVISIONING_PROFILE = "4BDC7287-3875-4618-AA86-A947FE48A9C9";
				SDKROOT = iphoneos;
				TARGETED_DEVICE_FAMILY = "1,2";
				VALIDATE_PRODUCT = YES;
			};
			name = Release;
		};
		F48FD16019F786DE0006B690 /* Debug */ = {
			isa = XCBuildConfiguration;
			buildSettings = {
				ASSETCATALOG_COMPILER_APPICON_NAME = AppIcon;
				CLANG_ENABLE_OBJC_ARC = NO;
				CODE_SIGN_IDENTITY = "iPhone Developer: Yan Ling Jiao (798ADME668)";
				GCC_PREFIX_HEADER = "longfeiApp/longfeiApp-Prefix.pch";
				INFOPLIST_FILE = longfeiApp/Info.plist;
				IPHONEOS_DEPLOYMENT_TARGET = 6.0;
				LD_RUNPATH_SEARCH_PATHS = "$(inherited) @executable_path/Frameworks";
				PRODUCT_NAME = "$(TARGET_NAME)";
				PROVISIONING_PROFILE = "4BDC7287-3875-4618-AA86-A947FE48A9C9";
			};
			name = Debug;
		};
		F48FD16119F786DE0006B690 /* Release */ = {
			isa = XCBuildConfiguration;
			buildSettings = {
				ASSETCATALOG_COMPILER_APPICON_NAME = AppIcon;
				CLANG_ENABLE_OBJC_ARC = NO;
				CODE_SIGN_IDENTITY = "iPhone Developer: Yan Ling Jiao (798ADME668)";
				GCC_PREFIX_HEADER = "longfeiApp/longfeiApp-Prefix.pch";
				INFOPLIST_FILE = longfeiApp/Info.plist;
				IPHONEOS_DEPLOYMENT_TARGET = 6.0;
				LD_RUNPATH_SEARCH_PATHS = "$(inherited) @executable_path/Frameworks";
				PRODUCT_NAME = "$(TARGET_NAME)";
				PROVISIONING_PROFILE = "4BDC7287-3875-4618-AA86-A947FE48A9C9";
			};
			name = Release;
		};
		F48FD16319F786DE0006B690 /* Debug */ = {
			isa = XCBuildConfiguration;
			buildSettings = {
				BUNDLE_LOADER = "$(TEST_HOST)";
				FRAMEWORK_SEARCH_PATHS = (
					"$(SDKROOT)/Developer/Library/Frameworks",
					"$(inherited)",
				);
				GCC_PREPROCESSOR_DEFINITIONS = (
					"DEBUG=1",
					"$(inherited)",
				);
				INFOPLIST_FILE = longfeiAppTests/Info.plist;
				LD_RUNPATH_SEARCH_PATHS = "$(inherited) @executable_path/Frameworks @loader_path/Frameworks";
				PRODUCT_NAME = "$(TARGET_NAME)";
				TEST_HOST = "$(BUILT_PRODUCTS_DIR)/longfeiApp.app/longfeiApp";
			};
			name = Debug;
		};
		F48FD16419F786DE0006B690 /* Release */ = {
			isa = XCBuildConfiguration;
			buildSettings = {
				BUNDLE_LOADER = "$(TEST_HOST)";
				FRAMEWORK_SEARCH_PATHS = (
					"$(SDKROOT)/Developer/Library/Frameworks",
					"$(inherited)",
				);
				INFOPLIST_FILE = longfeiAppTests/Info.plist;
				LD_RUNPATH_SEARCH_PATHS = "$(inherited) @executable_path/Frameworks @loader_path/Frameworks";
				PRODUCT_NAME = "$(TARGET_NAME)";
				TEST_HOST = "$(BUILT_PRODUCTS_DIR)/longfeiApp.app/longfeiApp";
			};
			name = Release;
		};
/* End XCBuildConfiguration section */

/* Begin XCConfigurationList section */
		F48FD13719F786DD0006B690 /* Build configuration list for PBXProject "longfeiApp" */ = {
			isa = XCConfigurationList;
			buildConfigurations = (
				F48FD15D19F786DE0006B690 /* Debug */,
				F48FD15E19F786DE0006B690 /* Release */,
			);
			defaultConfigurationIsVisible = 0;
			defaultConfigurationName = Release;
		};
		F48FD15F19F786DE0006B690 /* Build configuration list for PBXNativeTarget "longfeiApp" */ = {
			isa = XCConfigurationList;
			buildConfigurations = (
				F48FD16019F786DE0006B690 /* Debug */,
				F48FD16119F786DE0006B690 /* Release */,
			);
			defaultConfigurationIsVisible = 0;
			defaultConfigurationName = Release;
		};
		F48FD16219F786DE0006B690 /* Build configuration list for PBXNativeTarget "longfeiAppTests" */ = {
			isa = XCConfigurationList;
			buildConfigurations = (
				F48FD16319F786DE0006B690 /* Debug */,
				F48FD16419F786DE0006B690 /* Release */,
			);
			defaultConfigurationIsVisible = 0;
			defaultConfigurationName = Release;
		};
/* End XCConfigurationList section */
	};
	rootObject = F48FD13419F786DD0006B690 /* Project object */;
}
