// !$*UTF8*$!
{
	archiveVersion = 1;
	classes = {
	};
	objectVersion = 46;
	objects = {

/* Begin PBXBuildFile section */
		33039377178C05FD003CC38A /* UIKit.framework in Frameworks */ = {isa = PBXBuildFile; fileRef = 33039376178C05FD003CC38A /* UIKit.framework */; };
		33039379178C05FD003CC38A /* Foundation.framework in Frameworks */ = {isa = PBXBuildFile; fileRef = 33039378178C05FD003CC38A /* Foundation.framework */; };
		3303937B178C05FD003CC38A /* CoreGraphics.framework in Frameworks */ = {isa = PBXBuildFile; fileRef = 3303937A178C05FD003CC38A /* CoreGraphics.framework */; };
		33039381178C05FD003CC38A /* InfoPlist.strings in Resources */ = {isa = PBXBuildFile; fileRef = 3303937F178C05FD003CC38A /* InfoPlist.strings */; };
		33039383178C05FD003CC38A /* main.m in Sources */ = {isa = PBXBuildFile; fileRef = 33039382178C05FD003CC38A /* main.m */; };
		33039387178C05FD003CC38A /* AppDelegate.m in Sources */ = {isa = PBXBuildFile; fileRef = 33039386178C05FD003CC38A /* AppDelegate.m */; };
		33039389178C05FD003CC38A /* Default.png in Resources */ = {isa = PBXBuildFile; fileRef = 33039388178C05FD003CC38A /* Default.png */; };
		3303938B178C05FD003CC38A /* Default@2x.png in Resources */ = {isa = PBXBuildFile; fileRef = 3303938A178C05FD003CC38A /* Default@2x.png */; };
		3303938D178C05FD003CC38A /* Default-568h@2x.png in Resources */ = {isa = PBXBuildFile; fileRef = 3303938C178C05FD003CC38A /* Default-568h@2x.png */; };
		33039390178C05FD003CC38A /* ViewController.m in Sources */ = {isa = PBXBuildFile; fileRef = 3303938F178C05FD003CC38A /* ViewController.m */; };
		33039393178C05FD003CC38A /* ViewController.xib in Resources */ = {isa = PBXBuildFile; fileRef = 33039391178C05FD003CC38A /* ViewController.xib */; };
		3303939B178C0631003CC38A /* NAmeview.m in Sources */ = {isa = PBXBuildFile; fileRef = 3303939A178C0631003CC38A /* NAmeview.m */; };
		330AB9AA1798CC0E00B1E3BC /* 21.png in Resources */ = {isa = PBXBuildFile; fileRef = 330AB9A91798CC0E00B1E3BC /* 21.png */; };
		33E4788D178D5B940057DFB5 /* 5.png in Resources */ = {isa = PBXBuildFile; fileRef = 33E4788C178D5B940057DFB5 /* 5.png */; };
		33E4788F178D5FBC0057DFB5 /* 1.png in Resources */ = {isa = PBXBuildFile; fileRef = 33E4788E178D5FBC0057DFB5 /* 1.png */; };
		33E47891178D60600057DFB5 /* 7.png in Resources */ = {isa = PBXBuildFile; fileRef = 33E47890178D60600057DFB5 /* 7.png */; };
/* End PBXBuildFile section */

/* Begin PBXFileReference section */
		33039372178C05FD003CC38A /* ADDD.app */ = {isa = PBXFileReference; explicitFileType = wrapper.application; includeInIndex = 0; path = ADDD.app; sourceTree = BUILT_PRODUCTS_DIR; };
		33039376178C05FD003CC38A /* UIKit.framework */ = {isa = PBXFileReference; lastKnownFileType = wrapper.framework; name = UIKit.framework; path = System/Library/Frameworks/UIKit.framework; sourceTree = SDKROOT; };
		33039378178C05FD003CC38A /* Foundation.framework */ = {isa = PBXFileReference; lastKnownFileType = wrapper.framework; name = Foundation.framework; path = System/Library/Frameworks/Foundation.framework; sourceTree = SDKROOT; };
		3303937A178C05FD003CC38A /* CoreGraphics.framework */ = {isa = PBXFileReference; lastKnownFileType = wrapper.framework; name = CoreGraphics.framework; path = System/Library/Frameworks/CoreGraphics.framework; sourceTree = SDKROOT; };
		3303937E178C05FD003CC38A /* ADDD-Info.plist */ = {isa = PBXFileReference; lastKnownFileType = text.plist.xml; path = "ADDD-Info.plist"; sourceTree = "<group>"; };
		33039380178C05FD003CC38A /* en */ = {isa = PBXFileReference; lastKnownFileType = text.plist.strings; name = en; path = en.lproj/InfoPlist.strings; sourceTree = "<group>"; };
		33039382178C05FD003CC38A /* main.m */ = {isa = PBXFileReference; lastKnownFileType = sourcecode.c.objc; path = main.m; sourceTree = "<group>"; };
		33039384178C05FD003CC38A /* ADDD-Prefix.pch */ = {isa = PBXFileReference; lastKnownFileType = sourcecode.c.h; path = "ADDD-Prefix.pch"; sourceTree = "<group>"; };
		33039385178C05FD003CC38A /* AppDelegate.h */ = {isa = PBXFileReference; lastKnownFileType = sourcecode.c.h; path = AppDelegate.h; sourceTree = "<group>"; };
		33039386178C05FD003CC38A /* AppDelegate.m */ = {isa = PBXFileReference; lastKnownFileType = sourcecode.c.objc; path = AppDelegate.m; sourceTree = "<group>"; };
		33039388178C05FD003CC38A /* Default.png */ = {isa = PBXFileReference; lastKnownFileType = image.png; path = Default.png; sourceTree = "<group>"; };
		3303938A178C05FD003CC38A /* Default@2x.png */ = {isa = PBXFileReference; lastKnownFileType = image.png; path = "Default@2x.png"; sourceTree = "<group>"; };
		3303938C178C05FD003CC38A /* Default-568h@2x.png */ = {isa = PBXFileReference; lastKnownFileType = image.png; path = "Default-568h@2x.png"; sourceTree = "<group>"; };
		3303938E178C05FD003CC38A /* ViewController.h */ = {isa = PBXFileReference; lastKnownFileType = sourcecode.c.h; path = ViewController.h; sourceTree = "<group>"; };
		3303938F178C05FD003CC38A /* ViewController.m */ = {isa = PBXFileReference; lastKnownFileType = sourcecode.c.objc; path = ViewController.m; sourceTree = "<group>"; };
		33039392178C05FD003CC38A /* en */ = {isa = PBXFileReference; lastKnownFileType = file.xib; name = en; path = en.lproj/ViewController.xib; sourceTree = "<group>"; };
		33039399178C0631003CC38A /* NAmeview.h */ = {isa = PBXFileReference; fileEncoding = 4; lastKnownFileType = sourcecode.c.h; path = NAmeview.h; sourceTree = "<group>"; };
		3303939A178C0631003CC38A /* NAmeview.m */ = {isa = PBXFileReference; fileEncoding = 4; lastKnownFileType = sourcecode.c.objc; path = NAmeview.m; sourceTree = "<group>"; };
		330AB9A91798CC0E00B1E3BC /* 21.png */ = {isa = PBXFileReference; lastKnownFileType = image.png; path = 21.png; sourceTree = "<group>"; };
		33E4788C178D5B940057DFB5 /* 5.png */ = {isa = PBXFileReference; lastKnownFileType = image.png; path = 5.png; sourceTree = "<group>"; };
		33E4788E178D5FBC0057DFB5 /* 1.png */ = {isa = PBXFileReference; lastKnownFileType = image.png; path = 1.png; sourceTree = "<group>"; };
		33E47890178D60600057DFB5 /* 7.png */ = {isa = PBXFileReference; lastKnownFileType = image.png; path = 7.png; sourceTree = "<group>"; };
/* End PBXFileReference section */

/* Begin PBXFrameworksBuildPhase section */
		3303936F178C05FD003CC38A /* Frameworks */ = {
			isa = PBXFrameworksBuildPhase;
			buildActionMask = 2147483647;
			files = (
				33039377178C05FD003CC38A /* UIKit.framework in Frameworks */,
				33039379178C05FD003CC38A /* Foundation.framework in Frameworks */,
				3303937B178C05FD003CC38A /* CoreGraphics.framework in Frameworks */,
			);
			runOnlyForDeploymentPostprocessing = 0;
		};
/* End PBXFrameworksBuildPhase section */

/* Begin PBXGroup section */
		33039367178C05FD003CC38A = {
			isa = PBXGroup;
			children = (
				3303937C178C05FD003CC38A /* ADDD */,
				33039375178C05FD003CC38A /* Frameworks */,
				33039373178C05FD003CC38A /* Products */,
			);
			sourceTree = "<group>";
		};
		33039373178C05FD003CC38A /* Products */ = {
			isa = PBXGroup;
			children = (
				33039372178C05FD003CC38A /* ADDD.app */,
			);
			name = Products;
			sourceTree = "<group>";
		};
		33039375178C05FD003CC38A /* Frameworks */ = {
			isa = PBXGroup;
			children = (
				33039376178C05FD003CC38A /* UIKit.framework */,
				33039378178C05FD003CC38A /* Foundation.framework */,
				3303937A178C05FD003CC38A /* CoreGraphics.framework */,
			);
			name = Frameworks;
			sourceTree = "<group>";
		};
		3303937C178C05FD003CC38A /* ADDD */ = {
			isa = PBXGroup;
			children = (
				33E47890178D60600057DFB5 /* 7.png */,
				330AB9A91798CC0E00B1E3BC /* 21.png */,
				33E4788E178D5FBC0057DFB5 /* 1.png */,
				33E4788C178D5B940057DFB5 /* 5.png */,
				33039385178C05FD003CC38A /* AppDelegate.h */,
				33039386178C05FD003CC38A /* AppDelegate.m */,
				33039399178C0631003CC38A /* NAmeview.h */,
				3303939A178C0631003CC38A /* NAmeview.m */,
				3303938E178C05FD003CC38A /* ViewController.h */,
				3303938F178C05FD003CC38A /* ViewController.m */,
				33039391178C05FD003CC38A /* ViewController.xib */,
				3303937D178C05FD003CC38A /* Supporting Files */,
			);
			path = ADDD;
			sourceTree = "<group>";
		};
		3303937D178C05FD003CC38A /* Supporting Files */ = {
			isa = PBXGroup;
			children = (
				3303937E178C05FD003CC38A /* ADDD-Info.plist */,
				3303937F178C05FD003CC38A /* InfoPlist.strings */,
				33039382178C05FD003CC38A /* main.m */,
				33039384178C05FD003CC38A /* ADDD-Prefix.pch */,
				33039388178C05FD003CC38A /* Default.png */,
				3303938A178C05FD003CC38A /* Default@2x.png */,
				3303938C178C05FD003CC38A /* Default-568h@2x.png */,
			);
			name = "Supporting Files";
			sourceTree = "<group>";
		};
/* End PBXGroup section */

/* Begin PBXNativeTarget section */
		33039371178C05FD003CC38A /* ADDD */ = {
			isa = PBXNativeTarget;
			buildConfigurationList = 33039396178C05FD003CC38A /* Build configuration list for PBXNativeTarget "ADDD" */;
			buildPhases = (
				3303936E178C05FD003CC38A /* Sources */,
				3303936F178C05FD003CC38A /* Frameworks */,
				33039370178C05FD003CC38A /* Resources */,
			);
			buildRules = (
			);
			dependencies = (
			);
			name = ADDD;
			productName = ADDD;
			productReference = 33039372178C05FD003CC38A /* ADDD.app */;
			productType = "com.apple.product-type.application";
		};
/* End PBXNativeTarget section */

/* Begin PBXProject section */
		33039369178C05FD003CC38A /* Project object */ = {
			isa = PBXProject;
			attributes = {
				LastUpgradeCheck = 0450;
				ORGANIZATIONNAME = "吴丁虎";
			};
			buildConfigurationList = 3303936C178C05FD003CC38A /* Build configuration list for PBXProject "ADDD" */;
			compatibilityVersion = "Xcode 3.2";
			developmentRegion = English;
			hasScannedForEncodings = 0;
			knownRegions = (
				en,
			);
			mainGroup = 33039367178C05FD003CC38A;
			productRefGroup = 33039373178C05FD003CC38A /* Products */;
			projectDirPath = "";
			projectRoot = "";
			targets = (
				33039371178C05FD003CC38A /* ADDD */,
			);
		};
/* End PBXProject section */

/* Begin PBXResourcesBuildPhase section */
		33039370178C05FD003CC38A /* Resources */ = {
			isa = PBXResourcesBuildPhase;
			buildActionMask = 2147483647;
			files = (
				33039381178C05FD003CC38A /* InfoPlist.strings in Resources */,
				33039389178C05FD003CC38A /* Default.png in Resources */,
				3303938B178C05FD003CC38A /* Default@2x.png in Resources */,
				3303938D178C05FD003CC38A /* Default-568h@2x.png in Resources */,
				33039393178C05FD003CC38A /* ViewController.xib in Resources */,
				33E4788D178D5B940057DFB5 /* 5.png in Resources */,
				33E4788F178D5FBC0057DFB5 /* 1.png in Resources */,
				33E47891178D60600057DFB5 /* 7.png in Resources */,
				330AB9AA1798CC0E00B1E3BC /* 21.png in Resources */,
			);
			runOnlyForDeploymentPostprocessing = 0;
		};
/* End PBXResourcesBuildPhase section */

/* Begin PBXSourcesBuildPhase section */
		3303936E178C05FD003CC38A /* Sources */ = {
			isa = PBXSourcesBuildPhase;
			buildActionMask = 2147483647;
			files = (
				33039383178C05FD003CC38A /* main.m in Sources */,
				33039387178C05FD003CC38A /* AppDelegate.m in Sources */,
				33039390178C05FD003CC38A /* ViewController.m in Sources */,
				3303939B178C0631003CC38A /* NAmeview.m in Sources */,
			);
			runOnlyForDeploymentPostprocessing = 0;
		};
/* End PBXSourcesBuildPhase section */

/* Begin PBXVariantGroup section */
		3303937F178C05FD003CC38A /* InfoPlist.strings */ = {
			isa = PBXVariantGroup;
			children = (
				33039380178C05FD003CC38A /* en */,
			);
			name = InfoPlist.strings;
			sourceTree = "<group>";
		};
		33039391178C05FD003CC38A /* ViewController.xib */ = {
			isa = PBXVariantGroup;
			children = (
				33039392178C05FD003CC38A /* en */,
			);
			name = ViewController.xib;
			sourceTree = "<group>";
		};
/* End PBXVariantGroup section */

/* Begin XCBuildConfiguration section */
		33039394178C05FD003CC38A /* Debug */ = {
			isa = XCBuildConfiguration;
			buildSettings = {
				ALWAYS_SEARCH_USER_PATHS = NO;
				CLANG_CXX_LANGUAGE_STANDARD = "gnu++0x";
				CLANG_CXX_LIBRARY = "libc++";
				CLANG_WARN_EMPTY_BODY = YES;
				CLANG_WARN__DUPLICATE_METHOD_MATCH = YES;
				"CODE_SIGN_IDENTITY[sdk=iphoneos*]" = "iPhone Developer";
				COPY_PHASE_STRIP = NO;
				GCC_C_LANGUAGE_STANDARD = gnu99;
				GCC_DYNAMIC_NO_PIC = NO;
				GCC_OPTIMIZATION_LEVEL = 0;
				GCC_PREPROCESSOR_DEFINITIONS = (
					"DEBUG=1",
					"$(inherited)",
				);
				GCC_SYMBOLS_PRIVATE_EXTERN = NO;
				GCC_WARN_ABOUT_RETURN_TYPE = YES;
				GCC_WARN_UNINITIALIZED_AUTOS = YES;
				GCC_WARN_UNUSED_VARIABLE = YES;
				IPHONEOS_DEPLOYMENT_TARGET = 6.0;
				SDKROOT = iphoneos;
			};
			name = Debug;
		};
		33039395178C05FD003CC38A /* Release */ = {
			isa = XCBuildConfiguration;
			buildSettings = {
				ALWAYS_SEARCH_USER_PATHS = NO;
				CLANG_CXX_LANGUAGE_STANDARD = "gnu++0x";
				CLANG_CXX_LIBRARY = "libc++";
				CLANG_WARN_EMPTY_BODY = YES;
				CLANG_WARN__DUPLICATE_METHOD_MATCH = YES;
				"CODE_SIGN_IDENTITY[sdk=iphoneos*]" = "iPhone Developer";
				COPY_PHASE_STRIP = YES;
				GCC_C_LANGUAGE_STANDARD = gnu99;
				GCC_WARN_ABOUT_RETURN_TYPE = YES;
				GCC_WARN_UNINITIALIZED_AUTOS = YES;
				GCC_WARN_UNUSED_VARIABLE = YES;
				IPHONEOS_DEPLOYMENT_TARGET = 6.0;
				OTHER_CFLAGS = "-DNS_BLOCK_ASSERTIONS=1";
				SDKROOT = iphoneos;
				VALIDATE_PRODUCT = YES;
			};
			name = Release;
		};
		33039397178C05FD003CC38A /* Debug */ = {
			isa = XCBuildConfiguration;
			buildSettings = {
				CODE_SIGN_IDENTITY = "iPhone Developer: Yan Ling Jiao (798ADME668)";
				"CODE_SIGN_IDENTITY[sdk=iphoneos*]" = "iPhone Developer: Yan Ling Jiao (798ADME668)";
				GCC_PRECOMPILE_PREFIX_HEADER = YES;
				GCC_PREFIX_HEADER = "ADDD/ADDD-Prefix.pch";
				INFOPLIST_FILE = "ADDD/ADDD-Info.plist";
				PRODUCT_NAME = "$(TARGET_NAME)";
				PROVISIONING_PROFILE = "4BDC7287-3875-4618-AA86-A947FE48A9C9";
				WRAPPER_EXTENSION = app;
			};
			name = Debug;
		};
		33039398178C05FD003CC38A /* Release */ = {
			isa = XCBuildConfiguration;
			buildSettings = {
				CODE_SIGN_IDENTITY = "iPhone Developer: Yan Ling Jiao (798ADME668)";
				"CODE_SIGN_IDENTITY[sdk=iphoneos*]" = "iPhone Developer: Yan Ling Jiao (798ADME668)";
				GCC_PRECOMPILE_PREFIX_HEADER = YES;
				GCC_PREFIX_HEADER = "ADDD/ADDD-Prefix.pch";
				INFOPLIST_FILE = "ADDD/ADDD-Info.plist";
				PRODUCT_NAME = "$(TARGET_NAME)";
				PROVISIONING_PROFILE = "4BDC7287-3875-4618-AA86-A947FE48A9C9";
				WRAPPER_EXTENSION = app;
			};
			name = Release;
		};
/* End XCBuildConfiguration section */

/* Begin XCConfigurationList section */
		3303936C178C05FD003CC38A /* Build configuration list for PBXProject "ADDD" */ = {
			isa = XCConfigurationList;
			buildConfigurations = (
				33039394178C05FD003CC38A /* Debug */,
				33039395178C05FD003CC38A /* Release */,
			);
			defaultConfigurationIsVisible = 0;
			defaultConfigurationName = Release;
		};
		33039396178C05FD003CC38A /* Build configuration list for PBXNativeTarget "ADDD" */ = {
			isa = XCConfigurationList;
			buildConfigurations = (
				33039397178C05FD003CC38A /* Debug */,
				33039398178C05FD003CC38A /* Release */,
			);
			defaultConfigurationIsVisible = 0;
			defaultConfigurationName = Release;
		};
/* End XCConfigurationList section */
	};
	rootObject = 33039369178C05FD003CC38A /* Project object */;
}
